
Microsoft Visual Studio Solution File, Format Version 12.00
# Visual Studio 2013
VisualStudioVersion = 12.0.31101.0
MinimumVisualStudioVersion = 10.0.40219.1
Project("{FAE04EC0-301F-11D3-BF4B-00C04F79EFBC}") = "Sitecore.Strategy.Xdb.Ingest", "Sitecore.Strategy.Xdb.Ingest\Sitecore.Strategy.Xdb.Ingest.csproj", "{DD7F4CFC-1E8E-4B27-9AF8-2422F0EFC469}"
EndProject
Project("{FAE04EC0-301F-11D3-BF4B-00C04F79EFBC}") = "Sitecore.Strategy.Xdb.Ingest.Bizo", "Sitecore.Strategy.Xdb.Ingest.Bizo\Sitecore.Strategy.Xdb.Ingest.Bizo.csproj", "{D63C20FD-866D-44A3-B3AF-005B0425AF72}"
EndProject
Project("{FAE04EC0-301F-11D3-BF4B-00C04F79EFBC}") = "Sitecore.Strategy.Xdb.Ingest.Tests", "Sitecore.Strategy.Xdb.Ingest.Tests\Sitecore.Strategy.Xdb.Ingest.Tests.csproj", "{D8C8ACF6-ABD1-451F-A9B0-743CF0B5F3DF}"
EndProject
Project("{FAE04EC0-301F-11D3-BF4B-00C04F79EFBC}") = "Sitecore.Strategy.Xdb.Ingest.Demandbase", "Sitecore.Strategy.Xdb.Ingest.Demandbase\Sitecore.Strategy.Xdb.Ingest.Demandbase.csproj", "{538A4565-DCBC-4799-A200-F1F1D6A862C1}"
EndProject
Project("{FAE04EC0-301F-11D3-BF4B-00C04F79EFBC}") = "Sitecore.Strategy.Xdb.Ingest.Samples", "Sitecore.Strategy.Xdb.Ingest.Samples\Sitecore.Strategy.Xdb.Ingest.Samples.csproj", "{582E0DBD-4030-41B1-8D0A-8A4E9AA3C358}"
EndProject
Project("{2150E333-8FDC-42A3-9474-1A3956D46DE8}") = "SitecoreReferences", "SitecoreReferences", "{1648D9D6-7781-4D0B-BA43-BF259B3B9920}"
	ProjectSection(SolutionItems) = preProject
		SitecoreReferences\README.txt = SitecoreReferences\README.txt
		SitecoreReferences\Sitecore.Reference.Path.xml = SitecoreReferences\Sitecore.Reference.Path.xml
	EndProjectSection
EndProject
Project("{2150E333-8FDC-42A3-9474-1A3956D46DE8}") = "Lib", "Lib", "{188FF3D5-A355-4BBC-82EB-310D369A3087}"
	ProjectSection(SolutionItems) = preProject
		SitecoreReferences\Lib\Sitecore.Analytics.dll = SitecoreReferences\Lib\Sitecore.Analytics.dll
		SitecoreReferences\Lib\Sitecore.Analytics.Model.dll = SitecoreReferences\Lib\Sitecore.Analytics.Model.dll
		SitecoreReferences\Lib\Sitecore.ContentSearch.dll = SitecoreReferences\Lib\Sitecore.ContentSearch.dll
		SitecoreReferences\Lib\Sitecore.ContentSearch.Linq.dll = SitecoreReferences\Lib\Sitecore.ContentSearch.Linq.dll
		SitecoreReferences\Lib\Sitecore.Kernel.dll = SitecoreReferences\Lib\Sitecore.Kernel.dll
		SitecoreReferences\Lib\Sitecore.Strategy.Adaptive.dll = SitecoreReferences\Lib\Sitecore.Strategy.Adaptive.dll
		SitecoreReferences\Lib\Sitecore.Strategy.Contacts.dll = SitecoreReferences\Lib\Sitecore.Strategy.Contacts.dll
	EndProjectSection
EndProject
Global
	GlobalSection(SolutionConfigurationPlatforms) = preSolution
		Debug|Any CPU = Debug|Any CPU
		Release|Any CPU = Release|Any CPU
	EndGlobalSection
	GlobalSection(ProjectConfigurationPlatforms) = postSolution
		{DD7F4CFC-1E8E-4B27-9AF8-2422F0EFC469}.Debug|Any CPU.ActiveCfg = Debug|Any CPU
		{DD7F4CFC-1E8E-4B27-9AF8-2422F0EFC469}.Debug|Any CPU.Build.0 = Debug|Any CPU
		{DD7F4CFC-1E8E-4B27-9AF8-2422F0EFC469}.Release|Any CPU.ActiveCfg = Release|Any CPU
		{DD7F4CFC-1E8E-4B27-9AF8-2422F0EFC469}.Release|Any CPU.Build.0 = Release|Any CPU
		{D63C20FD-866D-44A3-B3AF-005B0425AF72}.Debug|Any CPU.ActiveCfg = Debug|Any CPU
		{D63C20FD-866D-44A3-B3AF-005B0425AF72}.Debug|Any CPU.Build.0 = Debug|Any CPU
		{D63C20FD-866D-44A3-B3AF-005B0425AF72}.Release|Any CPU.ActiveCfg = Release|Any CPU
		{D63C20FD-866D-44A3-B3AF-005B0425AF72}.Release|Any CPU.Build.0 = Release|Any CPU
		{D8C8ACF6-ABD1-451F-A9B0-743CF0B5F3DF}.Debug|Any CPU.ActiveCfg = Debug|Any CPU
		{D8C8ACF6-ABD1-451F-A9B0-743CF0B5F3DF}.Debug|Any CPU.Build.0 = Debug|Any CPU
		{D8C8ACF6-ABD1-451F-A9B0-743CF0B5F3DF}.Release|Any CPU.ActiveCfg = Release|Any CPU
		{D8C8ACF6-ABD1-451F-A9B0-743CF0B5F3DF}.Release|Any CPU.Build.0 = Release|Any CPU
		{538A4565-DCBC-4799-A200-F1F1D6A862C1}.Debug|Any CPU.ActiveCfg = Debug|Any CPU
		{538A4565-DCBC-4799-A200-F1F1D6A862C1}.Debug|Any CPU.Build.0 = Debug|Any CPU
		{538A4565-DCBC-4799-A200-F1F1D6A862C1}.Release|Any CPU.ActiveCfg = Release|Any CPU
		{538A4565-DCBC-4799-A200-F1F1D6A862C1}.Release|Any CPU.Build.0 = Release|Any CPU
		{582E0DBD-4030-41B1-8D0A-8A4E9AA3C358}.Debug|Any CPU.ActiveCfg = Debug|Any CPU
		{582E0DBD-4030-41B1-8D0A-8A4E9AA3C358}.Debug|Any CPU.Build.0 = Debug|Any CPU
		{582E0DBD-4030-41B1-8D0A-8A4E9AA3C358}.Release|Any CPU.ActiveCfg = Release|Any CPU
		{582E0DBD-4030-41B1-8D0A-8A4E9AA3C358}.Release|Any CPU.Build.0 = Release|Any CPU
	EndGlobalSection
	GlobalSection(SolutionProperties) = preSolution
		HideSolutionNode = FALSE
	EndGlobalSection
	GlobalSection(NestedProjects) = preSolution
		{188FF3D5-A355-4BBC-82EB-310D369A3087} = {1648D9D6-7781-4D0B-BA43-BF259B3B9920}
	EndGlobalSection
EndGlobal
